// !$*UTF8*$!
{
	archiveVersion = 1;
	classes = {
	};
	objectVersion = 55;
	objects = {

/* Begin PBXBuildFile section */
		478BE8F927CCCEBA009C4B76 /* AppDelegate.swift in Sources */ = {isa = PBXBuildFile; fileRef = 478BE8F827CCCEBA009C4B76 /* AppDelegate.swift */; };
		478BE8FB27CCCEBA009C4B76 /* SceneDelegate.swift in Sources */ = {isa = PBXBuildFile; fileRef = 478BE8FA27CCCEBA009C4B76 /* SceneDelegate.swift */; };
		478BE8FD27CCCEBA009C4B76 /* ViewController.swift in Sources */ = {isa = PBXBuildFile; fileRef = 478BE8FC27CCCEBA009C4B76 /* ViewController.swift */; };
		478BE90027CCCEBA009C4B76 /* Main.storyboard in Resources */ = {isa = PBXBuildFile; fileRef = 478BE8FE27CCCEBA009C4B76 /* Main.storyboard */; };
		478BE90327CCCEBA009C4B76 /* NASAApod.xcdatamodeld in Sources */ = {isa = PBXBuildFile; fileRef = 478BE90127CCCEBA009C4B76 /* NASAApod.xcdatamodeld */; };
		478BE90527CCCEBE009C4B76 /* Assets.xcassets in Resources */ = {isa = PBXBuildFile; fileRef = 478BE90427CCCEBE009C4B76 /* Assets.xcassets */; };
		478BE90827CCCEBE009C4B76 /* LaunchScreen.storyboard in Resources */ = {isa = PBXBuildFile; fileRef = 478BE90627CCCEBE009C4B76 /* LaunchScreen.storyboard */; };
		478BE91327CCCEBE009C4B76 /* NASAApodTests.swift in Sources */ = {isa = PBXBuildFile; fileRef = 478BE91227CCCEBE009C4B76 /* NASAApodTests.swift */; };
		478BE91D27CCCEBE009C4B76 /* NASAApodUITests.swift in Sources */ = {isa = PBXBuildFile; fileRef = 478BE91C27CCCEBE009C4B76 /* NASAApodUITests.swift */; };
		478BE91F27CCCEBE009C4B76 /* NASAApodUITestsLaunchTests.swift in Sources */ = {isa = PBXBuildFile; fileRef = 478BE91E27CCCEBE009C4B76 /* NASAApodUITestsLaunchTests.swift */; };
		478BE93427CCD614009C4B76 /* DataModel.swift in Sources */ = {isa = PBXBuildFile; fileRef = 478BE93327CCD614009C4B76 /* DataModel.swift */; };
		478BE93727CCD6A5009C4B76 /* APIHelper.swift in Sources */ = {isa = PBXBuildFile; fileRef = 478BE93627CCD6A5009C4B76 /* APIHelper.swift */; };
		478BE93A27CCD6D3009C4B76 /* Constants.swift in Sources */ = {isa = PBXBuildFile; fileRef = 478BE93927CCD6D3009C4B76 /* Constants.swift */; };
		478BE93C27CCD947009C4B76 /* ViewModel.swift in Sources */ = {isa = PBXBuildFile; fileRef = 478BE93B27CCD947009C4B76 /* ViewModel.swift */; };
		478BE93E27CCDBFA009C4B76 /* Loader.swift in Sources */ = {isa = PBXBuildFile; fileRef = 478BE93D27CCDBFA009C4B76 /* Loader.swift */; };
/* End PBXBuildFile section */

/* Begin PBXContainerItemProxy section */
		478BE90F27CCCEBE009C4B76 /* PBXContainerItemProxy */ = {
			isa = PBXContainerItemProxy;
			containerPortal = 478BE8ED27CCCEBA009C4B76 /* Project object */;
			proxyType = 1;
			remoteGlobalIDString = 478BE8F427CCCEBA009C4B76;
			remoteInfo = NASAApod;
		};
		478BE91927CCCEBE009C4B76 /* PBXContainerItemProxy */ = {
			isa = PBXContainerItemProxy;
			containerPortal = 478BE8ED27CCCEBA009C4B76 /* Project object */;
			proxyType = 1;
			remoteGlobalIDString = 478BE8F427CCCEBA009C4B76;
			remoteInfo = NASAApod;
		};
/* End PBXContainerItemProxy section */

/* Begin PBXFileReference section */
		478BE8F527CCCEBA009C4B76 /* NASAApod.app */ = {isa = PBXFileReference; explicitFileType = wrapper.application; includeInIndex = 0; path = NASAApod.app; sourceTree = BUILT_PRODUCTS_DIR; };
		478BE8F827CCCEBA009C4B76 /* AppDelegate.swift */ = {isa = PBXFileReference; lastKnownFileType = sourcecode.swift; path = AppDelegate.swift; sourceTree = "<group>"; };
		478BE8FA27CCCEBA009C4B76 /* SceneDelegate.swift */ = {isa = PBXFileReference; lastKnownFileType = sourcecode.swift; path = SceneDelegate.swift; sourceTree = "<group>"; };
		478BE8FC27CCCEBA009C4B76 /* ViewController.swift */ = {isa = PBXFileReference; lastKnownFileType = sourcecode.swift; path = ViewController.swift; sourceTree = "<group>"; };
		478BE8FF27CCCEBA009C4B76 /* Base */ = {isa = PBXFileReference; lastKnownFileType = file.storyboard; name = Base; path = Base.lproj/Main.storyboard; sourceTree = "<group>"; };
		478BE90227CCCEBA009C4B76 /* NASAApod.xcdatamodel */ = {isa = PBXFileReference; lastKnownFileType = wrapper.xcdatamodel; path = NASAApod.xcdatamodel; sourceTree = "<group>"; };
		478BE90427CCCEBE009C4B76 /* Assets.xcassets */ = {isa = PBXFileReference; lastKnownFileType = folder.assetcatalog; path = Assets.xcassets; sourceTree = "<group>"; };
		478BE90727CCCEBE009C4B76 /* Base */ = {isa = PBXFileReference; lastKnownFileType = file.storyboard; name = Base; path = Base.lproj/LaunchScreen.storyboard; sourceTree = "<group>"; };
		478BE90927CCCEBE009C4B76 /* Info.plist */ = {isa = PBXFileReference; lastKnownFileType = text.plist.xml; path = Info.plist; sourceTree = "<group>"; };
		478BE90E27CCCEBE009C4B76 /* NASAApodTests.xctest */ = {isa = PBXFileReference; explicitFileType = wrapper.cfbundle; includeInIndex = 0; path = NASAApodTests.xctest; sourceTree = BUILT_PRODUCTS_DIR; };
		478BE91227CCCEBE009C4B76 /* NASAApodTests.swift */ = {isa = PBXFileReference; lastKnownFileType = sourcecode.swift; path = NASAApodTests.swift; sourceTree = "<group>"; };
		478BE91827CCCEBE009C4B76 /* NASAApodUITests.xctest */ = {isa = PBXFileReference; explicitFileType = wrapper.cfbundle; includeInIndex = 0; path = NASAApodUITests.xctest; sourceTree = BUILT_PRODUCTS_DIR; };
		478BE91C27CCCEBE009C4B76 /* NASAApodUITests.swift */ = {isa = PBXFileReference; lastKnownFileType = sourcecode.swift; path = NASAApodUITests.swift; sourceTree = "<group>"; };
		478BE91E27CCCEBE009C4B76 /* NASAApodUITestsLaunchTests.swift */ = {isa = PBXFileReference; lastKnownFileType = sourcecode.swift; path = NASAApodUITestsLaunchTests.swift; sourceTree = "<group>"; };
		478BE93327CCD614009C4B76 /* DataModel.swift */ = {isa = PBXFileReference; lastKnownFileType = sourcecode.swift; path = DataModel.swift; sourceTree = "<group>"; };
		478BE93627CCD6A5009C4B76 /* APIHelper.swift */ = {isa = PBXFileReference; lastKnownFileType = sourcecode.swift; path = APIHelper.swift; sourceTree = "<group>"; };
		478BE93927CCD6D3009C4B76 /* Constants.swift */ = {isa = PBXFileReference; lastKnownFileType = sourcecode.swift; path = Constants.swift; sourceTree = "<group>"; };
		478BE93B27CCD947009C4B76 /* ViewModel.swift */ = {isa = PBXFileReference; lastKnownFileType = sourcecode.swift; path = ViewModel.swift; sourceTree = "<group>"; };
		478BE93D27CCDBFA009C4B76 /* Loader.swift */ = {isa = PBXFileReference; fileEncoding = 4; lastKnownFileType = sourcecode.swift; path = Loader.swift; sourceTree = "<group>"; };
/* End PBXFileReference section */

/* Begin PBXFrameworksBuildPhase section */
		478BE8F227CCCEBA009C4B76 /* Frameworks */ = {
			isa = PBXFrameworksBuildPhase;
			buildActionMask = 2147483647;
			files = (
			);
			runOnlyForDeploymentPostprocessing = 0;
		};
		478BE90B27CCCEBE009C4B76 /* Frameworks */ = {
			isa = PBXFrameworksBuildPhase;
			buildActionMask = 2147483647;
			files = (
			);
			runOnlyForDeploymentPostprocessing = 0;
		};
		478BE91527CCCEBE009C4B76 /* Frameworks */ = {
			isa = PBXFrameworksBuildPhase;
			buildActionMask = 2147483647;
			files = (
			);
			runOnlyForDeploymentPostprocessing = 0;
		};
/* End PBXFrameworksBuildPhase section */

/* Begin PBXGroup section */
		478BE8EC27CCCEBA009C4B76 = {
			isa = PBXGroup;
			children = (
				478BE8F727CCCEBA009C4B76 /* NASAApod */,
				478BE91127CCCEBE009C4B76 /* NASAApodTests */,
				478BE91B27CCCEBE009C4B76 /* NASAApodUITests */,
				478BE8F627CCCEBA009C4B76 /* Products */,
			);
			sourceTree = "<group>";
		};
		478BE8F627CCCEBA009C4B76 /* Products */ = {
			isa = PBXGroup;
			children = (
				478BE8F527CCCEBA009C4B76 /* NASAApod.app */,
				478BE90E27CCCEBE009C4B76 /* NASAApodTests.xctest */,
				478BE91827CCCEBE009C4B76 /* NASAApodUITests.xctest */,
			);
			name = Products;
			sourceTree = "<group>";
		};
		478BE8F727CCCEBA009C4B76 /* NASAApod */ = {
			isa = PBXGroup;
			children = (
				478BE93827CCD6BE009C4B76 /* Utitlties */,
				478BE93527CCD693009C4B76 /* Services */,
				478BE92E27CCCF40009C4B76 /* ViewControllers */,
				478BE92C27CCCF27009C4B76 /* ViewModel */,
				478BE92B27CCCF0F009C4B76 /* Model */,
				478BE8F827CCCEBA009C4B76 /* AppDelegate.swift */,
				478BE8FA27CCCEBA009C4B76 /* SceneDelegate.swift */,
				478BE8FE27CCCEBA009C4B76 /* Main.storyboard */,
				478BE90427CCCEBE009C4B76 /* Assets.xcassets */,
				478BE90627CCCEBE009C4B76 /* LaunchScreen.storyboard */,
				478BE90927CCCEBE009C4B76 /* Info.plist */,
				478BE90127CCCEBA009C4B76 /* NASAApod.xcdatamodeld */,
			);
			path = NASAApod;
			sourceTree = "<group>";
		};
		478BE91127CCCEBE009C4B76 /* NASAApodTests */ = {
			isa = PBXGroup;
			children = (
				478BE91227CCCEBE009C4B76 /* NASAApodTests.swift */,
			);
			path = NASAApodTests;
			sourceTree = "<group>";
		};
		478BE91B27CCCEBE009C4B76 /* NASAApodUITests */ = {
			isa = PBXGroup;
			children = (
				478BE91C27CCCEBE009C4B76 /* NASAApodUITests.swift */,
				478BE91E27CCCEBE009C4B76 /* NASAApodUITestsLaunchTests.swift */,
			);
			path = NASAApodUITests;
			sourceTree = "<group>";
		};
		478BE92B27CCCF0F009C4B76 /* Model */ = {
			isa = PBXGroup;
			children = (
				478BE93327CCD614009C4B76 /* DataModel.swift */,
			);
			path = Model;
			sourceTree = "<group>";
		};
		478BE92C27CCCF27009C4B76 /* ViewModel */ = {
			isa = PBXGroup;
			children = (
				478BE93B27CCD947009C4B76 /* ViewModel.swift */,
			);
			path = ViewModel;
			sourceTree = "<group>";
		};
		478BE92E27CCCF40009C4B76 /* ViewControllers */ = {
			isa = PBXGroup;
			children = (
				478BE8FC27CCCEBA009C4B76 /* ViewController.swift */,
			);
			path = ViewControllers;
			sourceTree = "<group>";
		};
		478BE93527CCD693009C4B76 /* Services */ = {
			isa = PBXGroup;
			children = (
				478BE93627CCD6A5009C4B76 /* APIHelper.swift */,
			);
			path = Services;
			sourceTree = "<group>";
		};
		478BE93827CCD6BE009C4B76 /* Utitlties */ = {
			isa = PBXGroup;
			children = (
				478BE93D27CCDBFA009C4B76 /* Loader.swift */,
				478BE93927CCD6D3009C4B76 /* Constants.swift */,
			);
			path = Utitlties;
			sourceTree = "<group>";
		};
/* End PBXGroup section */

/* Begin PBXNativeTarget section */
		478BE8F427CCCEBA009C4B76 /* NASAApod */ = {
			isa = PBXNativeTarget;
			buildConfigurationList = 478BE92227CCCEBE009C4B76 /* Build configuration list for PBXNativeTarget "NASAApod" */;
			buildPhases = (
				478BE8F127CCCEBA009C4B76 /* Sources */,
				478BE8F227CCCEBA009C4B76 /* Frameworks */,
				478BE8F327CCCEBA009C4B76 /* Resources */,
			);
			buildRules = (
			);
			dependencies = (
			);
			name = NASAApod;
			productName = NASAApod;
			productReference = 478BE8F527CCCEBA009C4B76 /* NASAApod.app */;
			productType = "com.apple.product-type.application";
		};
		478BE90D27CCCEBE009C4B76 /* NASAApodTests */ = {
			isa = PBXNativeTarget;
			buildConfigurationList = 478BE92527CCCEBE009C4B76 /* Build configuration list for PBXNativeTarget "NASAApodTests" */;
			buildPhases = (
				478BE90A27CCCEBE009C4B76 /* Sources */,
				478BE90B27CCCEBE009C4B76 /* Frameworks */,
				478BE90C27CCCEBE009C4B76 /* Resources */,
			);
			buildRules = (
			);
			dependencies = (
				478BE91027CCCEBE009C4B76 /* PBXTargetDependency */,
			);
			name = NASAApodTests;
			productName = NASAApodTests;
			productReference = 478BE90E27CCCEBE009C4B76 /* NASAApodTests.xctest */;
			productType = "com.apple.product-type.bundle.unit-test";
		};
		478BE91727CCCEBE009C4B76 /* NASAApodUITests */ = {
			isa = PBXNativeTarget;
			buildConfigurationList = 478BE92827CCCEBE009C4B76 /* Build configuration list for PBXNativeTarget "NASAApodUITests" */;
			buildPhases = (
				478BE91427CCCEBE009C4B76 /* Sources */,
				478BE91527CCCEBE009C4B76 /* Frameworks */,
				478BE91627CCCEBE009C4B76 /* Resources */,
			);
			buildRules = (
			);
			dependencies = (
				478BE91A27CCCEBE009C4B76 /* PBXTargetDependency */,
			);
			name = NASAApodUITests;
			productName = NASAApodUITests;
			productReference = 478BE91827CCCEBE009C4B76 /* NASAApodUITests.xctest */;
			productType = "com.apple.product-type.bundle.ui-testing";
		};
/* End PBXNativeTarget section */

/* Begin PBXProject section */
		478BE8ED27CCCEBA009C4B76 /* Project object */ = {
			isa = PBXProject;
			attributes = {
				BuildIndependentTargetsInParallel = 1;
				LastSwiftUpdateCheck = 1320;
				LastUpgradeCheck = 1320;
				TargetAttributes = {
					478BE8F427CCCEBA009C4B76 = {
						CreatedOnToolsVersion = 13.2.1;
					};
					478BE90D27CCCEBE009C4B76 = {
						CreatedOnToolsVersion = 13.2.1;
						TestTargetID = 478BE8F427CCCEBA009C4B76;
					};
					478BE91727CCCEBE009C4B76 = {
						CreatedOnToolsVersion = 13.2.1;
						TestTargetID = 478BE8F427CCCEBA009C4B76;
					};
				};
			};
			buildConfigurationList = 478BE8F027CCCEBA009C4B76 /* Build configuration list for PBXProject "NASAApod" */;
			compatibilityVersion = "Xcode 13.0";
			developmentRegion = en;
			hasScannedForEncodings = 0;
			knownRegions = (
				en,
				Base,
			);
			mainGroup = 478BE8EC27CCCEBA009C4B76;
			productRefGroup = 478BE8F627CCCEBA009C4B76 /* Products */;
			projectDirPath = "";
			projectRoot = "";
			targets = (
				478BE8F427CCCEBA009C4B76 /* NASAApod */,
				478BE90D27CCCEBE009C4B76 /* NASAApodTests */,
				478BE91727CCCEBE009C4B76 /* NASAApodUITests */,
			);
		};
/* End PBXProject section */

/* Begin PBXResourcesBuildPhase section */
		478BE8F327CCCEBA009C4B76 /* Resources */ = {
			isa = PBXResourcesBuildPhase;
			buildActionMask = 2147483647;
			files = (
				478BE90827CCCEBE009C4B76 /* LaunchScreen.storyboard in Resources */,
				478BE90527CCCEBE009C4B76 /* Assets.xcassets in Resources */,
				478BE90027CCCEBA009C4B76 /* Main.storyboard in Resources */,
			);
			runOnlyForDeploymentPostprocessing = 0;
		};
		478BE90C27CCCEBE009C4B76 /* Resources */ = {
			isa = PBXResourcesBuildPhase;
			buildActionMask = 2147483647;
			files = (
			);
			runOnlyForDeploymentPostprocessing = 0;
		};
		478BE91627CCCEBE009C4B76 /* Resources */ = {
			isa = PBXResourcesBuildPhase;
			buildActionMask = 2147483647;
			files = (
			);
			runOnlyForDeploymentPostprocessing = 0;
		};
/* End PBXResourcesBuildPhase section */

/* Begin PBXSourcesBuildPhase section */
		478BE8F127CCCEBA009C4B76 /* Sources */ = {
			isa = PBXSourcesBuildPhase;
			buildActionMask = 2147483647;
			files = (
				478BE93727CCD6A5009C4B76 /* APIHelper.swift in Sources */,
				478BE93427CCD614009C4B76 /* DataModel.swift in Sources */,
				478BE90327CCCEBA009C4B76 /* NASAApod.xcdatamodeld in Sources */,
				478BE8FD27CCCEBA009C4B76 /* ViewController.swift in Sources */,
				478BE93A27CCD6D3009C4B76 /* Constants.swift in Sources */,
				478BE8F927CCCEBA009C4B76 /* AppDelegate.swift in Sources */,
				478BE93C27CCD947009C4B76 /* ViewModel.swift in Sources */,
				478BE8FB27CCCEBA009C4B76 /* SceneDelegate.swift in Sources */,
				478BE93E27CCDBFA009C4B76 /* Loader.swift in Sources */,
			);
			runOnlyForDeploymentPostprocessing = 0;
		};
		478BE90A27CCCEBE009C4B76 /* Sources */ = {
			isa = PBXSourcesBuildPhase;
			buildActionMask = 2147483647;
			files = (
				478BE91327CCCEBE009C4B76 /* NASAApodTests.swift in Sources */,
			);
			runOnlyForDeploymentPostprocessing = 0;
		};
		478BE91427CCCEBE009C4B76 /* Sources */ = {
			isa = PBXSourcesBuildPhase;
			buildActionMask = 2147483647;
			files = (
				478BE91F27CCCEBE009C4B76 /* NASAApodUITestsLaunchTests.swift in Sources */,
				478BE91D27CCCEBE009C4B76 /* NASAApodUITests.swift in Sources */,
			);
			runOnlyForDeploymentPostprocessing = 0;
		};
/* End PBXSourcesBuildPhase section */

/* Begin PBXTargetDependency section */
		478BE91027CCCEBE009C4B76 /* PBXTargetDependency */ = {
			isa = PBXTargetDependency;
			target = 478BE8F427CCCEBA009C4B76 /* NASAApod */;
			targetProxy = 478BE90F27CCCEBE009C4B76 /* PBXContainerItemProxy */;
		};
		478BE91A27CCCEBE009C4B76 /* PBXTargetDependency */ = {
			isa = PBXTargetDependency;
			target = 478BE8F427CCCEBA009C4B76 /* NASAApod */;
			targetProxy = 478BE91927CCCEBE009C4B76 /* PBXContainerItemProxy */;
		};
/* End PBXTargetDependency section */

/* Begin PBXVariantGroup section */
		478BE8FE27CCCEBA009C4B76 /* Main.storyboard */ = {
			isa = PBXVariantGroup;
			children = (
				478BE8FF27CCCEBA009C4B76 /* Base */,
			);
			name = Main.storyboard;
			sourceTree = "<group>";
		};
		478BE90627CCCEBE009C4B76 /* LaunchScreen.storyboard */ = {
			isa = PBXVariantGroup;
			children = (
				478BE90727CCCEBE009C4B76 /* Base */,
			);
			name = LaunchScreen.storyboard;
			sourceTree = "<group>";
		};
/* End PBXVariantGroup section */

/* Begin XCBuildConfiguration section */
		478BE92027CCCEBE009C4B76 /* Debug */ = {
			isa = XCBuildConfiguration;
			buildSettings = {
				ALWAYS_SEARCH_USER_PATHS = NO;
				CLANG_ANALYZER_NONNULL = YES;
				CLANG_ANALYZER_NUMBER_OBJECT_CONVERSION = YES_AGGRESSIVE;
				CLANG_CXX_LANGUAGE_STANDARD = "gnu++17";
				CLANG_CXX_LIBRARY = "libc++";
				CLANG_ENABLE_MODULES = YES;
				CLANG_ENABLE_OBJC_ARC = YES;
				CLANG_ENABLE_OBJC_WEAK = YES;
				CLANG_WARN_BLOCK_CAPTURE_AUTORELEASING = YES;
				CLANG_WARN_BOOL_CONVERSION = YES;
				CLANG_WARN_COMMA = YES;
				CLANG_WARN_CONSTANT_CONVERSION = YES;
				CLANG_WARN_DEPRECATED_OBJC_IMPLEMENTATIONS = YES;
				CLANG_WARN_DIRECT_OBJC_ISA_USAGE = YES_ERROR;
				CLANG_WARN_DOCUMENTATION_COMMENTS = YES;
				CLANG_WARN_EMPTY_BODY = YES;
				CLANG_WARN_ENUM_CONVERSION = YES;
				CLANG_WARN_INFINITE_RECURSION = YES;
				CLANG_WARN_INT_CONVERSION = YES;
				CLANG_WARN_NON_LITERAL_NULL_CONVERSION = YES;
				CLANG_WARN_OBJC_IMPLICIT_RETAIN_SELF = YES;
				CLANG_WARN_OBJC_LITERAL_CONVERSION = YES;
				CLANG_WARN_OBJC_ROOT_CLASS = YES_ERROR;
				CLANG_WARN_QUOTED_INCLUDE_IN_FRAMEWORK_HEADER = YES;
				CLANG_WARN_RANGE_LOOP_ANALYSIS = YES;
				CLANG_WARN_STRICT_PROTOTYPES = YES;
				CLANG_WARN_SUSPICIOUS_MOVE = YES;
				CLANG_WARN_UNGUARDED_AVAILABILITY = YES_AGGRESSIVE;
				CLANG_WARN_UNREACHABLE_CODE = YES;
				CLANG_WARN__DUPLICATE_METHOD_MATCH = YES;
				COPY_PHASE_STRIP = NO;
				DEBUG_INFORMATION_FORMAT = dwarf;
				ENABLE_STRICT_OBJC_MSGSEND = YES;
				ENABLE_TESTABILITY = YES;
				GCC_C_LANGUAGE_STANDARD = gnu11;
				GCC_DYNAMIC_NO_PIC = NO;
				GCC_NO_COMMON_BLOCKS = YES;
				GCC_OPTIMIZATION_LEVEL = 0;
				GCC_PREPROCESSOR_DEFINITIONS = (
					"DEBUG=1",
					"$(inherited)",
				);
				GCC_WARN_64_TO_32_BIT_CONVERSION = YES;
				GCC_WARN_ABOUT_RETURN_TYPE = YES_ERROR;
				GCC_WARN_UNDECLARED_SELECTOR = YES;
				GCC_WARN_UNINITIALIZED_AUTOS = YES_AGGRESSIVE;
				GCC_WARN_UNUSED_FUNCTION = YES;
				GCC_WARN_UNUSED_VARIABLE = YES;
				IPHONEOS_DEPLOYMENT_TARGET = 15.2;
				MTL_ENABLE_DEBUG_INFO = INCLUDE_SOURCE;
				MTL_FAST_MATH = YES;
				ONLY_ACTIVE_ARCH = YES;
				SDKROOT = iphoneos;
				SWIFT_ACTIVE_COMPILATION_CONDITIONS = DEBUG;
				SWIFT_OPTIMIZATION_LEVEL = "-Onone";
			};
			name = Debug;
		};
		478BE92127CCCEBE009C4B76 /* Release */ = {
			isa = XCBuildConfiguration;
			buildSettings = {
				ALWAYS_SEARCH_USER_PATHS = NO;
				CLANG_ANALYZER_NONNULL = YES;
				CLANG_ANALYZER_NUMBER_OBJECT_CONVERSION = YES_AGGRESSIVE;
				CLANG_CXX_LANGUAGE_STANDARD = "gnu++17";
				CLANG_CXX_LIBRARY = "libc++";
				CLANG_ENABLE_MODULES = YES;
				CLANG_ENABLE_OBJC_ARC = YES;
				CLANG_ENABLE_OBJC_WEAK = YES;
				CLANG_WARN_BLOCK_CAPTURE_AUTORELEASING = YES;
				CLANG_WARN_BOOL_CONVERSION = YES;
				CLANG_WARN_COMMA = YES;
				CLANG_WARN_CONSTANT_CONVERSION = YES;
				CLANG_WARN_DEPRECATED_OBJC_IMPLEMENTATIONS = YES;
				CLANG_WARN_DIRECT_OBJC_ISA_USAGE = YES_ERROR;
				CLANG_WARN_DOCUMENTATION_COMMENTS = YES;
				CLANG_WARN_EMPTY_BODY = YES;
				CLANG_WARN_ENUM_CONVERSION = YES;
				CLANG_WARN_INFINITE_RECURSION = YES;
				CLANG_WARN_INT_CONVERSION = YES;
				CLANG_WARN_NON_LITERAL_NULL_CONVERSION = YES;
				CLANG_WARN_OBJC_IMPLICIT_RETAIN_SELF = YES;
				CLANG_WARN_OBJC_LITERAL_CONVERSION = YES;
				CLANG_WARN_OBJC_ROOT_CLASS = YES_ERROR;
				CLANG_WARN_QUOTED_INCLUDE_IN_FRAMEWORK_HEADER = YES;
				CLANG_WARN_RANGE_LOOP_ANALYSIS = YES;
				CLANG_WARN_STRICT_PROTOTYPES = YES;
				CLANG_WARN_SUSPICIOUS_MOVE = YES;
				CLANG_WARN_UNGUARDED_AVAILABILITY = YES_AGGRESSIVE;
				CLANG_WARN_UNREACHABLE_CODE = YES;
				CLANG_WARN__DUPLICATE_METHOD_MATCH = YES;
				COPY_PHASE_STRIP = NO;
				DEBUG_INFORMATION_FORMAT = "dwarf-with-dsym";
				ENABLE_NS_ASSERTIONS = NO;
				ENABLE_STRICT_OBJC_MSGSEND = YES;
				GCC_C_LANGUAGE_STANDARD = gnu11;
				GCC_NO_COMMON_BLOCKS = YES;
				GCC_WARN_64_TO_32_BIT_CONVERSION = YES;
				GCC_WARN_ABOUT_RETURN_TYPE = YES_ERROR;
				GCC_WARN_UNDECLARED_SELECTOR = YES;
				GCC_WARN_UNINITIALIZED_AUTOS = YES_AGGRESSIVE;
				GCC_WARN_UNUSED_FUNCTION = YES;
				GCC_WARN_UNUSED_VARIABLE = YES;
				IPHONEOS_DEPLOYMENT_TARGET = 15.2;
				MTL_ENABLE_DEBUG_INFO = NO;
				MTL_FAST_MATH = YES;
				SDKROOT = iphoneos;
				SWIFT_COMPILATION_MODE = wholemodule;
				SWIFT_OPTIMIZATION_LEVEL = "-O";
				VALIDATE_PRODUCT = YES;
			};
			name = Release;
		};
		478BE92327CCCEBE009C4B76 /* Debug */ = {
			isa = XCBuildConfiguration;
			buildSettings = {
				ASSETCATALOG_COMPILER_APPICON_NAME = AppIcon;
				ASSETCATALOG_COMPILER_GLOBAL_ACCENT_COLOR_NAME = AccentColor;
				CODE_SIGN_STYLE = Automatic;
				CURRENT_PROJECT_VERSION = 1;
				GENERATE_INFOPLIST_FILE = YES;
				INFOPLIST_FILE = NASAApod/Info.plist;
				INFOPLIST_KEY_UIApplicationSupportsIndirectInputEvents = YES;
				INFOPLIST_KEY_UILaunchStoryboardName = LaunchScreen;
				INFOPLIST_KEY_UIMainStoryboardFile = Main;
				INFOPLIST_KEY_UISupportedInterfaceOrientations_iPad = "UIInterfaceOrientationPortrait UIInterfaceOrientationPortraitUpsideDown UIInterfaceOrientationLandscapeLeft UIInterfaceOrientationLandscapeRight";
				INFOPLIST_KEY_UISupportedInterfaceOrientations_iPhone = "UIInterfaceOrientationPortrait UIInterfaceOrientationLandscapeLeft UIInterfaceOrientationLandscapeRight";
				LD_RUNPATH_SEARCH_PATHS = (
					"$(inherited)",
					"@executable_path/Frameworks",
				);
				MARKETING_VERSION = 1.0;
				PRODUCT_BUNDLE_IDENTIFIER = com.test.NASAApod;
				PRODUCT_NAME = "$(TARGET_NAME)";
				SWIFT_EMIT_LOC_STRINGS = YES;
				SWIFT_VERSION = 5.0;
				TARGETED_DEVICE_FAMILY = "1,2";
			};
			name = Debug;
		};
		478BE92427CCCEBE009C4B76 /* Release */ = {
			isa = XCBuildConfiguration;
			buildSettings = {
				ASSETCATALOG_COMPILER_APPICON_NAME = AppIcon;
				ASSETCATALOG_COMPILER_GLOBAL_ACCENT_COLOR_NAME = AccentColor;
				CODE_SIGN_STYLE = Automatic;
				CURRENT_PROJECT_VERSION = 1;
				GENERATE_INFOPLIST_FILE = YES;
				INFOPLIST_FILE = NASAApod/Info.plist;
				INFOPLIST_KEY_UIApplicationSupportsIndirectInputEvents = YES;
				INFOPLIST_KEY_UILaunchStoryboardName = LaunchScreen;
				INFOPLIST_KEY_UIMainStoryboardFile = Main;
				INFOPLIST_KEY_UISupportedInterfaceOrientations_iPad = "UIInterfaceOrientationPortrait UIInterfaceOrientationPortraitUpsideDown UIInterfaceOrientationLandscapeLeft UIInterfaceOrientationLandscapeRight";
				INFOPLIST_KEY_UISupportedInterfaceOrientations_iPhone = "UIInterfaceOrientationPortrait UIInterfaceOrientationLandscapeLeft UIInterfaceOrientationLandscapeRight";
				LD_RUNPATH_SEARCH_PATHS = (
					"$(inherited)",
					"@executable_path/Frameworks",
				);
				MARKETING_VERSION = 1.0;
				PRODUCT_BUNDLE_IDENTIFIER = com.test.NASAApod;
				PRODUCT_NAME = "$(TARGET_NAME)";
				SWIFT_EMIT_LOC_STRINGS = YES;
				SWIFT_VERSION = 5.0;
				TARGETED_DEVICE_FAMILY = "1,2";
			};
			name = Release;
		};
		478BE92627CCCEBE009C4B76 /* Debug */ = {
			isa = XCBuildConfiguration;
			buildSettings = {
				ALWAYS_EMBED_SWIFT_STANDARD_LIBRARIES = YES;
				BUNDLE_LOADER = "$(TEST_HOST)";
				CODE_SIGN_STYLE = Automatic;
				CURRENT_PROJECT_VERSION = 1;
				GENERATE_INFOPLIST_FILE = YES;
				IPHONEOS_DEPLOYMENT_TARGET = 15.2;
				MARKETING_VERSION = 1.0;
				PRODUCT_BUNDLE_IDENTIFIER = com.test.NASAApodTests;
				PRODUCT_NAME = "$(TARGET_NAME)";
				SWIFT_EMIT_LOC_STRINGS = NO;
				SWIFT_VERSION = 5.0;
				TARGETED_DEVICE_FAMILY = "1,2";
				TEST_HOST = "$(BUILT_PRODUCTS_DIR)/NASAApod.app/NASAApod";
			};
			name = Debug;
		};
		478BE92727CCCEBE009C4B76 /* Release */ = {
			isa = XCBuildConfiguration;
			buildSettings = {
				ALWAYS_EMBED_SWIFT_STANDARD_LIBRARIES = YES;
				BUNDLE_LOADER = "$(TEST_HOST)";
				CODE_SIGN_STYLE = Automatic;
				CURRENT_PROJECT_VERSION = 1;
				GENERATE_INFOPLIST_FILE = YES;
				IPHONEOS_DEPLOYMENT_TARGET = 15.2;
				MARKETING_VERSION = 1.0;
				PRODUCT_BUNDLE_IDENTIFIER = com.test.NASAApodTests;
				PRODUCT_NAME = "$(TARGET_NAME)";
				SWIFT_EMIT_LOC_STRINGS = NO;
				SWIFT_VERSION = 5.0;
				TARGETED_DEVICE_FAMILY = "1,2";
				TEST_HOST = "$(BUILT_PRODUCTS_DIR)/NASAApod.app/NASAApod";
			};
			name = Release;
		};
		478BE92927CCCEBE009C4B76 /* Debug */ = {
			isa = XCBuildConfiguration;
			buildSettings = {
				ALWAYS_EMBED_SWIFT_STANDARD_LIBRARIES = YES;
				CODE_SIGN_STYLE = Automatic;
				CURRENT_PROJECT_VERSION = 1;
				GENERATE_INFOPLIST_FILE = YES;
				MARKETING_VERSION = 1.0;
				PRODUCT_BUNDLE_IDENTIFIER = com.test.NASAApodUITests;
				PRODUCT_NAME = "$(TARGET_NAME)";
				SWIFT_EMIT_LOC_STRINGS = NO;
				SWIFT_VERSION = 5.0;
				TARGETED_DEVICE_FAMILY = "1,2";
				TEST_TARGET_NAME = NASAApod;
			};
			name = Debug;
		};
		478BE92A27CCCEBE009C4B76 /* Release */ = {
			isa = XCBuildConfiguration;
			buildSettings = {
				ALWAYS_EMBED_SWIFT_STANDARD_LIBRARIES = YES;
				CODE_SIGN_STYLE = Automatic;
				CURRENT_PROJECT_VERSION = 1;
				GENERATE_INFOPLIST_FILE = YES;
				MARKETING_VERSION = 1.0;
				PRODUCT_BUNDLE_IDENTIFIER = com.test.NASAApodUITests;
				PRODUCT_NAME = "$(TARGET_NAME)";
				SWIFT_EMIT_LOC_STRINGS = NO;
				SWIFT_VERSION = 5.0;
				TARGETED_DEVICE_FAMILY = "1,2";
				TEST_TARGET_NAME = NASAApod;
			};
			name = Release;
		};
/* End XCBuildConfiguration section */

/* Begin XCConfigurationList section */
		478BE8F027CCCEBA009C4B76 /* Build configuration list for PBXProject "NASAApod" */ = {
			isa = XCConfigurationList;
			buildConfigurations = (
				478BE92027CCCEBE009C4B76 /* Debug */,
				478BE92127CCCEBE009C4B76 /* Release */,
			);
			defaultConfigurationIsVisible = 0;
			defaultConfigurationName = Release;
		};
		478BE92227CCCEBE009C4B76 /* Build configuration list for PBXNativeTarget "NASAApod" */ = {
			isa = XCConfigurationList;
			buildConfigurations = (
				478BE92327CCCEBE009C4B76 /* Debug */,
				478BE92427CCCEBE009C4B76 /* Release */,
			);
			defaultConfigurationIsVisible = 0;
			defaultConfigurationName = Release;
		};
		478BE92527CCCEBE009C4B76 /* Build configuration list for PBXNativeTarget "NASAApodTests" */ = {
			isa = XCConfigurationList;
			buildConfigurations = (
				478BE92627CCCEBE009C4B76 /* Debug */,
				478BE92727CCCEBE009C4B76 /* Release */,
			);
			defaultConfigurationIsVisible = 0;
			defaultConfigurationName = Release;
		};
		478BE92827CCCEBE009C4B76 /* Build configuration list for PBXNativeTarget "NASAApodUITests" */ = {
			isa = XCConfigurationList;
			buildConfigurations = (
				478BE92927CCCEBE009C4B76 /* Debug */,
				478BE92A27CCCEBE009C4B76 /* Release */,
			);
			defaultConfigurationIsVisible = 0;
			defaultConfigurationName = Release;
		};
/* End XCConfigurationList section */

/* Begin XCVersionGroup section */
		478BE90127CCCEBA009C4B76 /* NASAApod.xcdatamodeld */ = {
			isa = XCVersionGroup;
			children = (
				478BE90227CCCEBA009C4B76 /* NASAApod.xcdatamodel */,
			);
			currentVersion = 478BE90227CCCEBA009C4B76 /* NASAApod.xcdatamodel */;
			path = NASAApod.xcdatamodeld;
			sourceTree = "<group>";
			versionGroupType = wrapper.xcdatamodel;
		};
/* End XCVersionGroup section */
	};
	rootObject = 478BE8ED27CCCEBA009C4B76 /* Project object */;
}
